
Microsoft Visual Studio Solution File, Format Version 12.00
# Visual Studio 2012
Project("{FAE04EC0-301F-11D3-BF4B-00C04F79EFBC}") = "irc", "irc\irc.csproj", "{29FCA437-AB6D-42B9-8366-BE292BF840E4}"
EndProject
Project("{FAE04EC0-301F-11D3-BF4B-00C04F79EFBC}") = "ampparit", "ampparit\ampparit.csproj", "{5E7FC2DC-F5AA-4452-A3A0-AC86B5D13109}"
EndProject
Project("{FAE04EC0-301F-11D3-BF4B-00C04F79EFBC}") = "tekstitv", "tekstitv\tekstitv.csproj", "{BEA7F176-4A9D-406A-A8D7-AA8EAC7F65CD}"
EndProject
Project("{FAE04EC0-301F-11D3-BF4B-00C04F79EFBC}") = "ipsnoop", "ipsnoop\ipsnoop.csproj", "{2E197380-55DB-4460-B2EA-17750E2AA7F2}"
EndProject
Project("{FAE04EC0-301F-11D3-BF4B-00C04F79EFBC}") = "movieposters", "movieposters\movieposters.csproj", "{1300B073-5EA9-4CEF-A59F-293565E88F11}"
EndProject
Project("{FAE04EC0-301F-11D3-BF4B-00C04F79EFBC}") = "root", "root\root.csproj", "{DAABF832-22C5-464E-AABF-D264AD89C305}"
EndProject
Project("{FAE04EC0-301F-11D3-BF4B-00C04F79EFBC}") = "viihde", "viihde\viihde.csproj", "{5FC1D304-2077-4C49-9D7D-AFE1C405A115}"
EndProject
Project("{FAE04EC0-301F-11D3-BF4B-00C04F79EFBC}") = "futis", "futis\futis.csproj", "{58331FE8-34B1-478E-BE93-5B089CD79021}"
EndProject
Project("{FAE04EC0-301F-11D3-BF4B-00C04F79EFBC}") = "viihde-windows8", "viihde-windows8\viihde-windows8.csproj", "{7F2AC940-D9CB-4E2F-9709-1940638849C4}"
EndProject
Project("{FAE04EC0-301F-11D3-BF4B-00C04F79EFBC}") = "aukio", "aukio\aukio.csproj", "{8083EFA5-5940-4882-8FED-C5167472C720}"
EndProject
Global
	GlobalSection(SolutionConfigurationPlatforms) = preSolution
		Debug|Any CPU = Debug|Any CPU
		Debug|Mixed Platforms = Debug|Mixed Platforms
		Debug|x86 = Debug|x86
		Release|Any CPU = Release|Any CPU
		Release|Mixed Platforms = Release|Mixed Platforms
		Release|x86 = Release|x86
	EndGlobalSection
	GlobalSection(ProjectConfigurationPlatforms) = postSolution
		{29FCA437-AB6D-42B9-8366-BE292BF840E4}.Debug|Any CPU.ActiveCfg = Debug|x86
		{29FCA437-AB6D-42B9-8366-BE292BF840E4}.Debug|Mixed Platforms.ActiveCfg = Debug|x86
		{29FCA437-AB6D-42B9-8366-BE292BF840E4}.Debug|Mixed Platforms.Build.0 = Debug|x86
		{29FCA437-AB6D-42B9-8366-BE292BF840E4}.Debug|x86.ActiveCfg = Debug|x86
		{29FCA437-AB6D-42B9-8366-BE292BF840E4}.Debug|x86.Build.0 = Debug|x86
		{29FCA437-AB6D-42B9-8366-BE292BF840E4}.Release|Any CPU.ActiveCfg = Release|x86
		{29FCA437-AB6D-42B9-8366-BE292BF840E4}.Release|Mixed Platforms.ActiveCfg = Release|x86
		{29FCA437-AB6D-42B9-8366-BE292BF840E4}.Release|Mixed Platforms.Build.0 = Release|x86
		{29FCA437-AB6D-42B9-8366-BE292BF840E4}.Release|x86.ActiveCfg = Release|x86
		{29FCA437-AB6D-42B9-8366-BE292BF840E4}.Release|x86.Build.0 = Release|x86
		{5E7FC2DC-F5AA-4452-A3A0-AC86B5D13109}.Debug|Any CPU.ActiveCfg = Debug|x86
		{5E7FC2DC-F5AA-4452-A3A0-AC86B5D13109}.Debug|Mixed Platforms.ActiveCfg = Debug|x86
		{5E7FC2DC-F5AA-4452-A3A0-AC86B5D13109}.Debug|Mixed Platforms.Build.0 = Debug|x86
		{5E7FC2DC-F5AA-4452-A3A0-AC86B5D13109}.Debug|x86.ActiveCfg = Debug|x86
		{5E7FC2DC-F5AA-4452-A3A0-AC86B5D13109}.Debug|x86.Build.0 = Debug|x86
		{5E7FC2DC-F5AA-4452-A3A0-AC86B5D13109}.Release|Any CPU.ActiveCfg = Release|x86
		{5E7FC2DC-F5AA-4452-A3A0-AC86B5D13109}.Release|Mixed Platforms.ActiveCfg = Release|x86
		{5E7FC2DC-F5AA-4452-A3A0-AC86B5D13109}.Release|Mixed Platforms.Build.0 = Release|x86
		{5E7FC2DC-F5AA-4452-A3A0-AC86B5D13109}.Release|x86.ActiveCfg = Release|x86
		{5E7FC2DC-F5AA-4452-A3A0-AC86B5D13109}.Release|x86.Build.0 = Release|x86
		{BEA7F176-4A9D-406A-A8D7-AA8EAC7F65CD}.Debug|Any CPU.ActiveCfg = Debug|x86
		{BEA7F176-4A9D-406A-A8D7-AA8EAC7F65CD}.Debug|Mixed Platforms.ActiveCfg = Debug|x86
		{BEA7F176-4A9D-406A-A8D7-AA8EAC7F65CD}.Debug|Mixed Platforms.Build.0 = Debug|x86
		{BEA7F176-4A9D-406A-A8D7-AA8EAC7F65CD}.Debug|x86.ActiveCfg = Debug|x86
		{BEA7F176-4A9D-406A-A8D7-AA8EAC7F65CD}.Debug|x86.Build.0 = Debug|x86
		{BEA7F176-4A9D-406A-A8D7-AA8EAC7F65CD}.Release|Any CPU.ActiveCfg = Release|x86
		{BEA7F176-4A9D-406A-A8D7-AA8EAC7F65CD}.Release|Mixed Platforms.ActiveCfg = Release|x86
		{BEA7F176-4A9D-406A-A8D7-AA8EAC7F65CD}.Release|Mixed Platforms.Build.0 = Release|x86
		{BEA7F176-4A9D-406A-A8D7-AA8EAC7F65CD}.Release|x86.ActiveCfg = Release|x86
		{BEA7F176-4A9D-406A-A8D7-AA8EAC7F65CD}.Release|x86.Build.0 = Release|x86
		{2E197380-55DB-4460-B2EA-17750E2AA7F2}.Debug|Any CPU.ActiveCfg = Debug|x86
		{2E197380-55DB-4460-B2EA-17750E2AA7F2}.Debug|Mixed Platforms.ActiveCfg = Debug|x86
		{2E197380-55DB-4460-B2EA-17750E2AA7F2}.Debug|Mixed Platforms.Build.0 = Debug|x86
		{2E197380-55DB-4460-B2EA-17750E2AA7F2}.Debug|x86.ActiveCfg = Debug|x86
		{2E197380-55DB-4460-B2EA-17750E2AA7F2}.Debug|x86.Build.0 = Debug|x86
		{2E197380-55DB-4460-B2EA-17750E2AA7F2}.Release|Any CPU.ActiveCfg = Release|x86
		{2E197380-55DB-4460-B2EA-17750E2AA7F2}.Release|Mixed Platforms.ActiveCfg = Release|x86
		{2E197380-55DB-4460-B2EA-17750E2AA7F2}.Release|Mixed Platforms.Build.0 = Release|x86
		{2E197380-55DB-4460-B2EA-17750E2AA7F2}.Release|x86.ActiveCfg = Release|x86
		{2E197380-55DB-4460-B2EA-17750E2AA7F2}.Release|x86.Build.0 = Release|x86
		{1300B073-5EA9-4CEF-A59F-293565E88F11}.Debug|Any CPU.ActiveCfg = Debug|x86
		{1300B073-5EA9-4CEF-A59F-293565E88F11}.Debug|Mixed Platforms.ActiveCfg = Debug|x86
		{1300B073-5EA9-4CEF-A59F-293565E88F11}.Debug|Mixed Platforms.Build.0 = Debug|x86
		{1300B073-5EA9-4CEF-A59F-293565E88F11}.Debug|x86.ActiveCfg = Debug|x86
		{1300B073-5EA9-4CEF-A59F-293565E88F11}.Debug|x86.Build.0 = Debug|x86
		{1300B073-5EA9-4CEF-A59F-293565E88F11}.Release|Any CPU.ActiveCfg = Release|x86
		{1300B073-5EA9-4CEF-A59F-293565E88F11}.Release|Mixed Platforms.ActiveCfg = Release|x86
		{1300B073-5EA9-4CEF-A59F-293565E88F11}.Release|Mixed Platforms.Build.0 = Release|x86
		{1300B073-5EA9-4CEF-A59F-293565E88F11}.Release|x86.ActiveCfg = Release|x86
		{1300B073-5EA9-4CEF-A59F-293565E88F11}.Release|x86.Build.0 = Release|x86
		{DAABF832-22C5-464E-AABF-D264AD89C305}.Debug|Any CPU.ActiveCfg = Debug|x86
		{DAABF832-22C5-464E-AABF-D264AD89C305}.Debug|Mixed Platforms.ActiveCfg = Debug|x86
		{DAABF832-22C5-464E-AABF-D264AD89C305}.Debug|Mixed Platforms.Build.0 = Debug|x86
		{DAABF832-22C5-464E-AABF-D264AD89C305}.Debug|x86.ActiveCfg = Debug|x86
		{DAABF832-22C5-464E-AABF-D264AD89C305}.Debug|x86.Build.0 = Debug|x86
		{DAABF832-22C5-464E-AABF-D264AD89C305}.Release|Any CPU.ActiveCfg = Release|x86
		{DAABF832-22C5-464E-AABF-D264AD89C305}.Release|Mixed Platforms.ActiveCfg = Release|x86
		{DAABF832-22C5-464E-AABF-D264AD89C305}.Release|Mixed Platforms.Build.0 = Release|x86
		{DAABF832-22C5-464E-AABF-D264AD89C305}.Release|x86.ActiveCfg = Release|x86
		{DAABF832-22C5-464E-AABF-D264AD89C305}.Release|x86.Build.0 = Release|x86
		{5FC1D304-2077-4C49-9D7D-AFE1C405A115}.Debug|Any CPU.ActiveCfg = Debug|x86
		{5FC1D304-2077-4C49-9D7D-AFE1C405A115}.Debug|Mixed Platforms.ActiveCfg = Debug|x86
		{5FC1D304-2077-4C49-9D7D-AFE1C405A115}.Debug|Mixed Platforms.Build.0 = Debug|x86
		{5FC1D304-2077-4C49-9D7D-AFE1C405A115}.Debug|x86.ActiveCfg = Debug|x86
		{5FC1D304-2077-4C49-9D7D-AFE1C405A115}.Debug|x86.Build.0 = Debug|x86
		{5FC1D304-2077-4C49-9D7D-AFE1C405A115}.Release|Any CPU.ActiveCfg = Release|x86
		{5FC1D304-2077-4C49-9D7D-AFE1C405A115}.Release|Mixed Platforms.ActiveCfg = Release|x86
		{5FC1D304-2077-4C49-9D7D-AFE1C405A115}.Release|Mixed Platforms.Build.0 = Release|x86
		{5FC1D304-2077-4C49-9D7D-AFE1C405A115}.Release|x86.ActiveCfg = Release|x86
		{5FC1D304-2077-4C49-9D7D-AFE1C405A115}.Release|x86.Build.0 = Release|x86
		{58331FE8-34B1-478E-BE93-5B089CD79021}.Debug|Any CPU.ActiveCfg = Debug|x86
		{58331FE8-34B1-478E-BE93-5B089CD79021}.Debug|Mixed Platforms.ActiveCfg = Debug|x86
		{58331FE8-34B1-478E-BE93-5B089CD79021}.Debug|Mixed Platforms.Build.0 = Debug|x86
		{58331FE8-34B1-478E-BE93-5B089CD79021}.Debug|x86.ActiveCfg = Debug|x86
		{58331FE8-34B1-478E-BE93-5B089CD79021}.Debug|x86.Build.0 = Debug|x86
		{58331FE8-34B1-478E-BE93-5B089CD79021}.Release|Any CPU.ActiveCfg = Release|x86
		{58331FE8-34B1-478E-BE93-5B089CD79021}.Release|Mixed Platforms.ActiveCfg = Release|x86
		{58331FE8-34B1-478E-BE93-5B089CD79021}.Release|Mixed Platforms.Build.0 = Release|x86
		{58331FE8-34B1-478E-BE93-5B089CD79021}.Release|x86.ActiveCfg = Release|x86
		{58331FE8-34B1-478E-BE93-5B089CD79021}.Release|x86.Build.0 = Release|x86
		{7F2AC940-D9CB-4E2F-9709-1940638849C4}.Debug|Any CPU.ActiveCfg = Debug|Any CPU
		{7F2AC940-D9CB-4E2F-9709-1940638849C4}.Debug|Any CPU.Build.0 = Debug|Any CPU
		{7F2AC940-D9CB-4E2F-9709-1940638849C4}.Debug|Mixed Platforms.ActiveCfg = Debug|Any CPU
		{7F2AC940-D9CB-4E2F-9709-1940638849C4}.Debug|Mixed Platforms.Build.0 = Debug|Any CPU
		{7F2AC940-D9CB-4E2F-9709-1940638849C4}.Debug|x86.ActiveCfg = Debug|Any CPU
		{7F2AC940-D9CB-4E2F-9709-1940638849C4}.Release|Any CPU.ActiveCfg = Release|Any CPU
		{7F2AC940-D9CB-4E2F-9709-1940638849C4}.Release|Any CPU.Build.0 = Release|Any CPU
		{7F2AC940-D9CB-4E2F-9709-1940638849C4}.Release|Mixed Platforms.ActiveCfg = Release|Any CPU
		{7F2AC940-D9CB-4E2F-9709-1940638849C4}.Release|Mixed Platforms.Build.0 = Release|Any CPU
		{7F2AC940-D9CB-4E2F-9709-1940638849C4}.Release|x86.ActiveCfg = Release|Any CPU
		{8083EFA5-5940-4882-8FED-C5167472C720}.Debug|Any CPU.ActiveCfg = Debug|Any CPU
		{8083EFA5-5940-4882-8FED-C5167472C720}.Debug|Any CPU.Build.0 = Debug|Any CPU
		{8083EFA5-5940-4882-8FED-C5167472C720}.Debug|Mixed Platforms.ActiveCfg = Debug|Any CPU
		{8083EFA5-5940-4882-8FED-C5167472C720}.Debug|Mixed Platforms.Build.0 = Debug|Any CPU
		{8083EFA5-5940-4882-8FED-C5167472C720}.Debug|x86.ActiveCfg = Debug|Any CPU
		{8083EFA5-5940-4882-8FED-C5167472C720}.Release|Any CPU.ActiveCfg = Release|Any CPU
		{8083EFA5-5940-4882-8FED-C5167472C720}.Release|Any CPU.Build.0 = Release|Any CPU
		{8083EFA5-5940-4882-8FED-C5167472C720}.Release|Mixed Platforms.ActiveCfg = Release|Any CPU
		{8083EFA5-5940-4882-8FED-C5167472C720}.Release|Mixed Platforms.Build.0 = Release|Any CPU
		{8083EFA5-5940-4882-8FED-C5167472C720}.Release|x86.ActiveCfg = Release|Any CPU
	EndGlobalSection
	GlobalSection(SolutionProperties) = preSolution
		HideSolutionNode = FALSE
	EndGlobalSection
EndGlobal
